# This file is automatically @generated by Cargo.
# It is not intended for manual editing.
version = 4

[[package]]
name = "aho-corasick"
version = "1.1.4"
source = "registry+https://github.com/rust-lang/crates.io-index"
checksum = "ddd31a130427c27518df266943a5308ed92d4b226cc639f5a8f1002816174301"
dependencies = [
 "memchr",
]

[[package]]
name = "cc"
version = "1.2.56"
source = "registry+https://github.com/rust-lang/crates.io-index"
checksum = "aebf35691d1bfb0ac386a69bac2fde4dd276fb618cf8bf4f5318fe285e821bb2"
dependencies = [
 "find-msvc-tools",
 "shlex",
]

[[package]]
name = "find-msvc-tools"
version = "0.1.9"
source = "registry+https://github.com/rust-lang/crates.io-index"
checksum = "5baebc0774151f905a1a2cc41989300b1e6fbb29aff0ceffa1064fdd3088d582"

[[package]]
name = "memchr"
version = "2.8.0"
source = "registry+https://github.com/rust-lang/crates.io-index"
checksum = "f8ca58f447f06ed17d5fc4043ce1b10dd205e060fb3ce5b979b8ed8e59ff3f79"

[[package]]
name = "regex"
version = "1.12.3"
source = "registry+https://github.com/rust-lang/crates.io-index"
checksum = "e10754a14b9137dd7b1e3e5b0493cc9171fdd105e0ab477f51b72e7f3ac0e276"
dependencies = [
 "aho-corasick",
 "memchr",
 "regex-automata",
 "regex-syntax",
]

[[package]]
name = "regex-automata"
version = "0.4.14"
source = "registry+https://github.com/rust-lang/crates.io-index"
checksum = "6e1dd4122fc1595e8162618945476892eefca7b88c52820e74af6262213cae8f"
dependencies = [
 "aho-corasick",
 "memchr",
 "regex-syntax",
]

[[package]]
name = "regex-syntax"
version = "0.8.9"
source = "registry+https://github.com/rust-lang/crates.io-index"
checksum = "a96887878f22d7bad8a3b6dc5b7440e0ada9a245242924394987b21cf2210a4c"

[[package]]
name = "shlex"
version = "1.3.0"
source = "registry+https://github.com/rust-lang/crates.io-index"
checksum = "0fda2ff0d084019ba4d7c6f371c95d8fd75ce3524c3cb8fb653a3023f6323e64"

[[package]]
name = "streaming-iterator"
version = "0.1.9"
source = "registry+https://github.com/rust-lang/crates.io-index"
checksum = "2b2231b7c3057d5e4ad0156fb3dc807d900806020c5ffa3ee6ff2c8c76fb8520"

[[package]]
name = "tree-sitter"
version = "0.24.7"
source = "registry+https://github.com/rust-lang/crates.io-index"
checksum = "a5387dffa7ffc7d2dae12b50c6f7aab8ff79d6210147c6613561fc3d474c6f75"
dependencies = [
 "cc",
 "regex",
 "regex-syntax",
 "streaming-iterator",
 "tree-sitter-language",
]

[[package]]
name = "tree-sitter-c"
version = "0.23.4"
source = "registry+https://github.com/rust-lang/crates.io-index"
checksum = "afd2b1bf1585dc2ef6d69e87d01db8adb059006649dd5f96f31aa789ee6e9c71"
dependencies = [
 "cc",
 "tree-sitter-language",
]

[[package]]
name = "tree-sitter-cpp"
version = "0.23.4"
source = "registry+https://github.com/rust-lang/crates.io-index"
checksum = "df2196ea9d47b4ab4a31b9297eaa5a5d19a0b121dceb9f118f6790ad0ab94743"
dependencies = [
 "cc",
 "tree-sitter-language",
]

[[package]]
name = "tree-sitter-go"
version = "0.23.4"
source = "registry+https://github.com/rust-lang/crates.io-index"
checksum = "b13d476345220dbe600147dd444165c5791bf85ef53e28acbedd46112ee18431"
dependencies = [
 "cc",
 "tree-sitter-language",
]

[[package]]
name = "tree-sitter-html"
version = "0.23.2"
source = "registry+https://github.com/rust-lang/crates.io-index"
checksum = "261b708e5d92061ede329babaaa427b819329a9d427a1d710abb0f67bbef63ee"
dependencies = [
 "cc",
 "tree-sitter-language",
]

[[package]]
name = "tree-sitter-java"
version = "0.23.5"
source = "registry+https://github.com/rust-lang/crates.io-index"
checksum = "0aa6cbcdc8c679b214e616fd3300da67da0e492e066df01bcf5a5921a71e90d6"
dependencies = [
 "cc",
 "tree-sitter-language",
]

[[package]]
name = "tree-sitter-javascript"
version = "0.23.1"
source = "registry+https://github.com/rust-lang/crates.io-index"
checksum = "bf40bf599e0416c16c125c3cec10ee5ddc7d1bb8b0c60fa5c4de249ad34dc1b1"
dependencies = [
 "cc",
 "tree-sitter-language",
]

[[package]]
name = "tree-sitter-language"
version = "0.1.7"
source = "registry+https://github.com/rust-lang/crates.io-index"
checksum = "009994f150cc0cd50ff54917d5bc8bffe8cad10ca10d81c34da2ec421ae61782"

[[package]]
name = "tree-sitter-python"
version = "0.23.6"
source = "registry+https://github.com/rust-lang/crates.io-index"
checksum = "3d065aaa27f3aaceaf60c1f0e0ac09e1cb9eb8ed28e7bcdaa52129cffc7f4b04"
dependencies = [
 "cc",
 "tree-sitter-language",
]

[[package]]
name = "tree-sitter-ruby"
version = "0.23.1"
source = "registry+https://github.com/rust-lang/crates.io-index"
checksum = "be0484ea4ef6bb9c575b4fdabde7e31340a8d2dbc7d52b321ac83da703249f95"
dependencies = [
 "cc",
 "tree-sitter-language",
]

[[package]]
name = "tree-sitter-rust"
version = "0.23.3"
source = "registry+https://github.com/rust-lang/crates.io-index"
checksum = "ca8ccb3e3a3495c8a943f6c3fd24c3804c471fd7f4f16087623c7fa4c0068e8a"
dependencies = [
 "cc",
 "tree-sitter-language",
]

[[package]]
name = "umark"
version = "0.1.0"
dependencies = [
 "umark-lib",
]

[[package]]
name = "umark-lib"
version = "0.1.0"
dependencies = [
 "regex",
 "tree-sitter",
 "tree-sitter-c",
 "tree-sitter-cpp",
 "tree-sitter-go",
 "tree-sitter-html",
 "tree-sitter-java",
 "tree-sitter-javascript",
 "tree-sitter-python",
 "tree-sitter-ruby",
 "tree-sitter-rust",
]
